// !$*UTF8*$!
{
	archiveVersion = 1;
	classes = {
	};
	objectVersion = 46;
	objects = {

/* Begin PBXBuildFile section */
		588278E915F4D9C30045E5E2 /* libVCSDK.a in Frameworks */ = {isa = PBXBuildFile; fileRef = 768ABDFC1044231100C02826 /* libVCSDK.a */; settings = {ATTRIBUTES = (Required, ); }; };
		7682A8EB102C82FE006A8407 /* vdping.c in Sources */ = {isa = PBXBuildFile; fileRef = 7682A8EA102C82FE006A8407 /* vdping.c */; };
		7688B4191035C47D00B97C80 /* pingwire.c in Sources */ = {isa = PBXBuildFile; fileRef = 7688B4171035C47D00B97C80 /* pingwire.c */; };
		768ABEE51044453E00C02826 /* Building a Plugin for the MacOS X client engine.rtf in Resources */ = {isa = PBXBuildFile; fileRef = 768ABEE41044453E00C02826 /* Building a Plugin for the MacOS X client engine.rtf */; };
		8D576314048677EA00EA77CD /* CoreFoundation.framework in Frameworks */ = {isa = PBXBuildFile; fileRef = 0AA1909FFE8422F4C02AAC07 /* CoreFoundation.framework */; };
		8D5B49A804867FD3000E48DA /* InfoPlist.strings in Resources */ = {isa = PBXBuildFile; fileRef = 8D5B49A704867FD3000E48DA /* InfoPlist.strings */; };
/* End PBXBuildFile section */

/* Begin PBXFileReference section */
		089C167EFE841241C02AAC07 /* English */ = {isa = PBXFileReference; fileEncoding = 4; lastKnownFileType = text.plist.strings; name = English; path = English.lproj/InfoPlist.strings; sourceTree = "<group>"; };
		0AA1909FFE8422F4C02AAC07 /* CoreFoundation.framework */ = {isa = PBXFileReference; lastKnownFileType = wrapper.framework; name = CoreFoundation.framework; path = /System/Library/Frameworks/CoreFoundation.framework; sourceTree = "<absolute>"; };
		288822D816765D320065B3C1 /* libmgr.h */ = {isa = PBXFileReference; fileEncoding = 4; lastKnownFileType = sourcecode.c.h; name = libmgr.h; path = ../Includes/Macintosh/libmgr.h; sourceTree = "<group>"; };
		288822D916765D330065B3C1 /* pctxmem.h */ = {isa = PBXFileReference; fileEncoding = 4; lastKnownFileType = sourcecode.c.h; name = pctxmem.h; path = ../Includes/Macintosh/pctxmem.h; sourceTree = "<group>"; };
		288822DB16765D5D0065B3C1 /* ctxmem.h */ = {isa = PBXFileReference; fileEncoding = 4; lastKnownFileType = sourcecode.c.h; name = ctxmem.h; path = ../Includes/Common/ctxmem.h; sourceTree = "<group>"; };
		288822DC16765D5D0065B3C1 /* ctxos.h */ = {isa = PBXFileReference; fileEncoding = 4; lastKnownFileType = sourcecode.c.h; name = ctxos.h; path = ../Includes/Common/ctxos.h; sourceTree = "<group>"; };
		288822DD16765D5D0065B3C1 /* ctxpath.h */ = {isa = PBXFileReference; fileEncoding = 4; lastKnownFileType = sourcecode.c.h; name = ctxpath.h; path = ../Includes/Common/ctxpath.h; sourceTree = "<group>"; };
		288822DE16765D5D0065B3C1 /* ctxtmr.h */ = {isa = PBXFileReference; fileEncoding = 4; lastKnownFileType = sourcecode.c.h; name = ctxtmr.h; path = ../Includes/Common/ctxtmr.h; sourceTree = "<group>"; };
		288822DF16765D5E0065B3C1 /* kbdapi.h */ = {isa = PBXFileReference; fileEncoding = 4; lastKnownFileType = sourcecode.c.h; name = kbdapi.h; path = ../Includes/Common/kbdapi.h; sourceTree = "<group>"; };
		288822E016765D750065B3C1 /* pctxfile.h */ = {isa = PBXFileReference; fileEncoding = 4; lastKnownFileType = sourcecode.c.h; name = pctxfile.h; path = ../Includes/Common/pctxfile.h; sourceTree = "<group>"; };
		288822E116765D750065B3C1 /* pctxos.h */ = {isa = PBXFileReference; fileEncoding = 4; lastKnownFileType = sourcecode.c.h; name = pctxos.h; path = ../Includes/Common/pctxos.h; sourceTree = "<group>"; };
		288822E216765D880065B3C1 /* ctxfile.h */ = {isa = PBXFileReference; fileEncoding = 4; lastKnownFileType = sourcecode.c.h; name = ctxfile.h; path = ../Includes/Common/ctxfile.h; sourceTree = "<group>"; };
		58EFF99B15FF785500519DA6 /* TempWDHeaders.h */ = {isa = PBXFileReference; lastKnownFileType = sourcecode.c.h; name = TempWDHeaders.h; path = ../Includes/Macintosh/TempWDHeaders.h; sourceTree = SOURCE_ROOT; };
		58EFFA2D15FF83AB00519DA6 /* wengine.h */ = {isa = PBXFileReference; lastKnownFileType = sourcecode.c.h; name = wengine.h; path = ../Includes/Common/wengine.h; sourceTree = SOURCE_ROOT; };
		58EFFA3515FF83FD00519DA6 /* ctxgraph.h */ = {isa = PBXFileReference; lastKnownFileType = sourcecode.c.h; name = ctxgraph.h; path = ../Includes/Common/ctxgraph.h; sourceTree = SOURCE_ROOT; };
		766C09DD104EAB0200B2A28B /* _PlugInExports.exp */ = {isa = PBXFileReference; fileEncoding = 4; lastKnownFileType = sourcecode.exports; name = _PlugInExports.exp; path = "../Build Settings/_PlugInExports.exp"; sourceTree = SOURCE_ROOT; };
		7682A8EA102C82FE006A8407 /* vdping.c */ = {isa = PBXFileReference; fileEncoding = 4; lastKnownFileType = sourcecode.c.c; path = vdping.c; sourceTree = "<group>"; };
		7682A9C0103027D0006A8407 /* vdping.h */ = {isa = PBXFileReference; fileEncoding = 4; lastKnownFileType = sourcecode.c.h; path = vdping.h; sourceTree = "<group>"; };
		7688B4171035C47D00B97C80 /* pingwire.c */ = {isa = PBXFileReference; fileEncoding = 4; lastKnownFileType = sourcecode.c.c; path = pingwire.c; sourceTree = "<group>"; };
		7688B4181035C47D00B97C80 /* pingwire.h */ = {isa = PBXFileReference; fileEncoding = 4; lastKnownFileType = sourcecode.c.h; path = pingwire.h; sourceTree = "<group>"; };
		768ABDFC1044231100C02826 /* libVCSDK.a */ = {isa = PBXFileReference; lastKnownFileType = archive.ar; name = libVCSDK.a; path = ../Libraries/libVCSDK.a; sourceTree = SOURCE_ROOT; };
		768ABE2210442F0100C02826 /* PlugInPrefixHeader.h */ = {isa = PBXFileReference; fileEncoding = 4; lastKnownFileType = sourcecode.c.h; name = PlugInPrefixHeader.h; path = ../Includes/PlugInPrefixHeader.h; sourceTree = SOURCE_ROOT; };
		768ABE4B104430A000C02826 /* _PlugInSettings.xcconfig */ = {isa = PBXFileReference; fileEncoding = 4; lastKnownFileType = text.xcconfig; name = _PlugInSettings.xcconfig; path = "../Build Settings/_PlugInSettings.xcconfig"; sourceTree = SOURCE_ROOT; };
		768ABE51104430D100C02826 /* _ProductSettings.xcconfig */ = {isa = PBXFileReference; fileEncoding = 4; lastKnownFileType = text.xcconfig; name = _ProductSettings.xcconfig; path = "Build Settings/_ProductSettings.xcconfig"; sourceTree = SOURCE_ROOT; };
		768ABE7B1044346100C02826 /* _DebugSettings.xcconfig */ = {isa = PBXFileReference; fileEncoding = 4; lastKnownFileType = text.xcconfig; name = _DebugSettings.xcconfig; path = "../Build Settings/_DebugSettings.xcconfig"; sourceTree = SOURCE_ROOT; };
		768ABE7C1044346100C02826 /* _ReleaseSettings.xcconfig */ = {isa = PBXFileReference; fileEncoding = 4; lastKnownFileType = text.xcconfig; name = _ReleaseSettings.xcconfig; path = "../Build Settings/_ReleaseSettings.xcconfig"; sourceTree = SOURCE_ROOT; };
		768ABEAD1044386000C02826 /* citrix.h */ = {isa = PBXFileReference; fileEncoding = 4; lastKnownFileType = sourcecode.c.h; name = citrix.h; path = ../Includes/Common/citrix.h; sourceTree = SOURCE_ROOT; };
		768ABEB01044389700C02826 /* plat.h */ = {isa = PBXFileReference; fileEncoding = 4; lastKnownFileType = sourcecode.c.h; name = plat.h; path = ../Includes/Macintosh/plat.h; sourceTree = SOURCE_ROOT; };
		768ABEB3104439F200C02826 /* clib.h */ = {isa = PBXFileReference; fileEncoding = 4; lastKnownFileType = sourcecode.c.h; name = clib.h; path = ../Includes/Common/clib.h; sourceTree = SOURCE_ROOT; };
		768ABEB4104439F200C02826 /* clibcomm.h */ = {isa = PBXFileReference; fileEncoding = 4; lastKnownFileType = sourcecode.c.h; name = clibcomm.h; path = ../Includes/Common/clibcomm.h; sourceTree = SOURCE_ROOT; };
		768ABEB5104439F200C02826 /* clterr.h */ = {isa = PBXFileReference; fileEncoding = 4; lastKnownFileType = sourcecode.c.h; name = clterr.h; path = ../Includes/Common/clterr.h; sourceTree = SOURCE_ROOT; };
		768ABEB6104439F200C02826 /* cmacro.h */ = {isa = PBXFileReference; fileEncoding = 4; lastKnownFileType = sourcecode.c.h; name = cmacro.h; path = ../Includes/Common/cmacro.h; sourceTree = SOURCE_ROOT; };
		768ABEB7104439F200C02826 /* ctxdebug.h */ = {isa = PBXFileReference; fileEncoding = 4; lastKnownFileType = sourcecode.c.h; name = ctxdebug.h; path = ../Includes/Common/ctxdebug.h; sourceTree = SOURCE_ROOT; };
		768ABEB8104439F200C02826 /* ctxwnd.h */ = {isa = PBXFileReference; fileEncoding = 4; lastKnownFileType = sourcecode.c.h; name = ctxwnd.h; path = ../Includes/Common/ctxwnd.h; sourceTree = SOURCE_ROOT; };
		768ABEB9104439F200C02826 /* cwire.h */ = {isa = PBXFileReference; fileEncoding = 4; lastKnownFileType = sourcecode.c.h; name = cwire.h; path = ../Includes/Common/cwire.h; sourceTree = SOURCE_ROOT; };
		768ABEBA104439F200C02826 /* dllapi.h */ = {isa = PBXFileReference; fileEncoding = 4; lastKnownFileType = sourcecode.c.h; name = dllapi.h; path = ../Includes/Common/dllapi.h; sourceTree = SOURCE_ROOT; };
		768ABEBB104439F200C02826 /* engtypes.h */ = {isa = PBXFileReference; fileEncoding = 4; lastKnownFileType = sourcecode.c.h; name = engtypes.h; path = ../Includes/Common/engtypes.h; sourceTree = SOURCE_ROOT; };
		768ABEBC104439F200C02826 /* icaconst.h */ = {isa = PBXFileReference; fileEncoding = 4; lastKnownFileType = sourcecode.c.h; name = icaconst.h; path = ../Includes/Common/icaconst.h; sourceTree = SOURCE_ROOT; };
		768ABEBE104439F200C02826 /* logapi.h */ = {isa = PBXFileReference; fileEncoding = 4; lastKnownFileType = sourcecode.c.h; name = logapi.h; path = ../Includes/Common/logapi.h; sourceTree = SOURCE_ROOT; };
		768ABEC0104439F200C02826 /* miapi.h */ = {isa = PBXFileReference; fileEncoding = 4; lastKnownFileType = sourcecode.c.h; name = miapi.h; path = ../Includes/Common/miapi.h; sourceTree = SOURCE_ROOT; };
		768ABEC1104439F200C02826 /* platcomm.h */ = {isa = PBXFileReference; fileEncoding = 4; lastKnownFileType = sourcecode.c.h; name = platcomm.h; path = ../Includes/Common/platcomm.h; sourceTree = SOURCE_ROOT; };
		768ABEC2104439F200C02826 /* utilmacros.h */ = {isa = PBXFileReference; fileEncoding = 4; lastKnownFileType = sourcecode.c.h; name = utilmacros.h; path = ../Includes/Common/utilmacros.h; sourceTree = SOURCE_ROOT; };
		768ABEC3104439F200C02826 /* vd.h */ = {isa = PBXFileReference; fileEncoding = 4; lastKnownFileType = sourcecode.c.h; name = vd.h; path = ../Includes/Common/vd.h; sourceTree = SOURCE_ROOT; };
		768ABEC4104439F200C02826 /* vdapi.h */ = {isa = PBXFileReference; fileEncoding = 4; lastKnownFileType = sourcecode.c.h; name = vdapi.h; path = ../Includes/Common/vdapi.h; sourceTree = SOURCE_ROOT; };
		768ABEC5104439F200C02826 /* wdapi.h */ = {isa = PBXFileReference; fileEncoding = 4; lastKnownFileType = sourcecode.c.h; name = wdapi.h; path = ../Includes/Common/wdapi.h; sourceTree = SOURCE_ROOT; };
		768ABEC6104439F200C02826 /* wdwire.h */ = {isa = PBXFileReference; fileEncoding = 4; lastKnownFileType = sourcecode.c.h; name = wdwire.h; path = ../Includes/Common/wdwire.h; sourceTree = SOURCE_ROOT; };
		768ABECA10443A9000C02826 /* basefeat.h */ = {isa = PBXFileReference; fileEncoding = 4; lastKnownFileType = sourcecode.c.h; name = basefeat.h; path = ../Includes/Macintosh/basefeat.h; sourceTree = SOURCE_ROOT; };
		768ABECB10443A9000C02826 /* basetype.h */ = {isa = PBXFileReference; fileEncoding = 4; lastKnownFileType = sourcecode.c.h; name = basetype.h; path = ../Includes/Macintosh/basetype.h; sourceTree = SOURCE_ROOT; };
		768ABECD10443B0000C02826 /* host_os.h */ = {isa = PBXFileReference; fileEncoding = 4; lastKnownFileType = sourcecode.c.h; name = host_os.h; path = ../Includes/Macintosh/host_os.h; sourceTree = SOURCE_ROOT; };
		768ABECE10443B0000C02826 /* hostfeat.h */ = {isa = PBXFileReference; fileEncoding = 4; lastKnownFileType = sourcecode.c.h; name = hostfeat.h; path = ../Includes/Macintosh/hostfeat.h; sourceTree = SOURCE_ROOT; };
		768ABECF10443B0000C02826 /* platcall.h */ = {isa = PBXFileReference; fileEncoding = 4; lastKnownFileType = sourcecode.c.h; name = platcall.h; path = ../Includes/Macintosh/platcall.h; sourceTree = SOURCE_ROOT; };
		768ABED010443B0000C02826 /* platclib.h */ = {isa = PBXFileReference; fileEncoding = 4; lastKnownFileType = sourcecode.c.h; name = platclib.h; path = ../Includes/Macintosh/platclib.h; sourceTree = SOURCE_ROOT; };
		768ABED110443B0000C02826 /* platsys.h */ = {isa = PBXFileReference; fileEncoding = 4; lastKnownFileType = sourcecode.c.h; name = platsys.h; path = ../Includes/Macintosh/platsys.h; sourceTree = SOURCE_ROOT; };
		768ABED210443B0000C02826 /* plattool.h */ = {isa = PBXFileReference; fileEncoding = 4; lastKnownFileType = sourcecode.c.h; name = plattool.h; path = ../Includes/Macintosh/plattool.h; sourceTree = SOURCE_ROOT; };
		768ABED510443D0B00C02826 /* platfix.h */ = {isa = PBXFileReference; fileEncoding = 4; lastKnownFileType = sourcecode.c.h; name = platfix.h; path = ../Includes/Macintosh/platfix.h; sourceTree = SOURCE_ROOT; };
		768ABEDA10443D9400C02826 /* SOCKSfea.h */ = {isa = PBXFileReference; fileEncoding = 4; lastKnownFileType = sourcecode.c.h; name = SOCKSfea.h; path = ../Includes/Macintosh/SOCKSfea.h; sourceTree = SOURCE_ROOT; };
		768ABEDC1044449C00C02826 /* ica-c2h.h */ = {isa = PBXFileReference; fileEncoding = 4; lastKnownFileType = sourcecode.c.h; name = "ica-c2h.h"; path = "../Includes/Shared/ica-c2h.h"; sourceTree = SOURCE_ROOT; };
		768ABEDD1044449C00C02826 /* ica.h */ = {isa = PBXFileReference; fileEncoding = 4; lastKnownFileType = sourcecode.c.h; name = ica.h; path = ../Includes/Shared/ica.h; sourceTree = SOURCE_ROOT; };
		768ABEDE1044449C00C02826 /* icacaps.h */ = {isa = PBXFileReference; fileEncoding = 4; lastKnownFileType = sourcecode.c.h; name = icacaps.h; path = ../Includes/Shared/icacaps.h; sourceTree = SOURCE_ROOT; };
		768ABEDF1044449C00C02826 /* icaid.h */ = {isa = PBXFileReference; fileEncoding = 4; lastKnownFileType = sourcecode.c.h; name = icaid.h; path = ../Includes/Shared/icaid.h; sourceTree = SOURCE_ROOT; };
		768ABEE01044449C00C02826 /* vrtlclss.h */ = {isa = PBXFileReference; fileEncoding = 4; lastKnownFileType = sourcecode.c.h; name = vrtlclss.h; path = ../Includes/Shared/vrtlclss.h; sourceTree = SOURCE_ROOT; };
		768ABEE41044453E00C02826 /* Building a Plugin for the MacOS X client engine.rtf */ = {isa = PBXFileReference; lastKnownFileType = text.rtf; name = "Building a Plugin for the MacOS X client engine.rtf"; path = "../Documentation/Building a Plugin for the MacOS X client engine.rtf"; sourceTree = SOURCE_ROOT; };
		768ABF96104547CA00C02826 /* DebugSettings.xcconfig */ = {isa = PBXFileReference; fileEncoding = 4; lastKnownFileType = text.xcconfig; name = DebugSettings.xcconfig; path = "Build Settings/DebugSettings.xcconfig"; sourceTree = "<group>"; };
		768ABF97104547CA00C02826 /* ReleaseSettings.xcconfig */ = {isa = PBXFileReference; fileEncoding = 4; lastKnownFileType = text.xcconfig; name = ReleaseSettings.xcconfig; path = "Build Settings/ReleaseSettings.xcconfig"; sourceTree = "<group>"; };
		8D576316048677EA00EA77CD /* Ping.plugin */ = {isa = PBXFileReference; explicitFileType = wrapper.cfbundle; includeInIndex = 0; path = Ping.plugin; sourceTree = BUILT_PRODUCTS_DIR; };
		8D576317048677EA00EA77CD /* Info.plist */ = {isa = PBXFileReference; fileEncoding = 4; lastKnownFileType = text.plist.xml; path = Info.plist; sourceTree = "<group>"; };
/* End PBXFileReference section */

/* Begin PBXFrameworksBuildPhase section */
		8D576313048677EA00EA77CD /* Frameworks */ = {
			isa = PBXFrameworksBuildPhase;
			buildActionMask = 2147483647;
			files = (
				8D576314048677EA00EA77CD /* CoreFoundation.framework in Frameworks */,
				588278E915F4D9C30045E5E2 /* libVCSDK.a in Frameworks */,
			);
			runOnlyForDeploymentPostprocessing = 0;
		};
/* End PBXFrameworksBuildPhase section */

/* Begin PBXGroup section */
		089C166AFE841209C02AAC07 /* PluginTest */ = {
			isa = PBXGroup;
			children = (
				768ABF1F1044475100C02826 /* Settings */,
				768ABE001044235900C02826 /* Sources */,
				089C167CFE841241C02AAC07 /* Resources */,
				768ABDFB104422DA00C02826 /* Virtual Channel SDK */,
				089C1671FE841209C02AAC07 /* External Frameworks and Libraries */,
				19C28FB6FE9D52B211CA2CBB /* Products */,
			);
			name = PluginTest;
			sourceTree = "<group>";
		};
		089C1671FE841209C02AAC07 /* External Frameworks and Libraries */ = {
			isa = PBXGroup;
			children = (
				0AA1909FFE8422F4C02AAC07 /* CoreFoundation.framework */,
			);
			name = "External Frameworks and Libraries";
			sourceTree = "<group>";
		};
		089C167CFE841241C02AAC07 /* Resources */ = {
			isa = PBXGroup;
			children = (
				8D576317048677EA00EA77CD /* Info.plist */,
				8D5B49A704867FD3000E48DA /* InfoPlist.strings */,
			);
			name = Resources;
			sourceTree = "<group>";
		};
		19C28FB6FE9D52B211CA2CBB /* Products */ = {
			isa = PBXGroup;
			children = (
				8D576316048677EA00EA77CD /* Ping.plugin */,
			);
			name = Products;
			sourceTree = "<group>";
		};
		768ABDFB104422DA00C02826 /* Virtual Channel SDK */ = {
			isa = PBXGroup;
			children = (
				768ABEE31044452E00C02826 /* Documentation */,
				768ABE2110442EE600C02826 /* Includes */,
				768ABDFE1044232200C02826 /* Libraries */,
				768ABE431044305100C02826 /* Build Settings */,
				768ABEFE104445E100C02826 /* Resources */,
			);
			name = "Virtual Channel SDK";
			sourceTree = "<group>";
		};
		768ABDFE1044232200C02826 /* Libraries */ = {
			isa = PBXGroup;
			children = (
				768ABDFC1044231100C02826 /* libVCSDK.a */,
			);
			name = Libraries;
			sourceTree = "<group>";
		};
		768ABE001044235900C02826 /* Sources */ = {
			isa = PBXGroup;
			children = (
				7682A8EA102C82FE006A8407 /* vdping.c */,
				7682A9C0103027D0006A8407 /* vdping.h */,
				7688B4171035C47D00B97C80 /* pingwire.c */,
				7688B4181035C47D00B97C80 /* pingwire.h */,
			);
			name = Sources;
			sourceTree = "<group>";
		};
		768ABE2110442EE600C02826 /* Includes */ = {
			isa = PBXGroup;
			children = (
				768ABE2210442F0100C02826 /* PlugInPrefixHeader.h */,
				768ABEAA1044376100C02826 /* Common */,
				768ABEAE1044386F00C02826 /* Shared */,
				768ABEAF1044387900C02826 /* Macintosh */,
			);
			name = Includes;
			sourceTree = "<group>";
		};
		768ABE431044305100C02826 /* Build Settings */ = {
			isa = PBXGroup;
			children = (
				768ABE4B104430A000C02826 /* _PlugInSettings.xcconfig */,
				768ABE7B1044346100C02826 /* _DebugSettings.xcconfig */,
				768ABE7C1044346100C02826 /* _ReleaseSettings.xcconfig */,
				768ABF96104547CA00C02826 /* DebugSettings.xcconfig */,
				768ABF97104547CA00C02826 /* ReleaseSettings.xcconfig */,
				766C09DD104EAB0200B2A28B /* _PlugInExports.exp */,
			);
			name = "Build Settings";
			sourceTree = "<group>";
		};
		768ABEAA1044376100C02826 /* Common */ = {
			isa = PBXGroup;
			children = (
				768ABEAD1044386000C02826 /* citrix.h */,
				768ABEB3104439F200C02826 /* clib.h */,
				768ABEB4104439F200C02826 /* clibcomm.h */,
				768ABEB5104439F200C02826 /* clterr.h */,
				768ABEB6104439F200C02826 /* cmacro.h */,
				768ABEB7104439F200C02826 /* ctxdebug.h */,
				288822E216765D880065B3C1 /* ctxfile.h */,
				58EFFA3515FF83FD00519DA6 /* ctxgraph.h */,
				288822DB16765D5D0065B3C1 /* ctxmem.h */,
				288822DC16765D5D0065B3C1 /* ctxos.h */,
				288822DD16765D5D0065B3C1 /* ctxpath.h */,
				288822DE16765D5D0065B3C1 /* ctxtmr.h */,
				288822DF16765D5E0065B3C1 /* kbdapi.h */,
				768ABEB8104439F200C02826 /* ctxwnd.h */,
				768ABEB9104439F200C02826 /* cwire.h */,
				768ABEBA104439F200C02826 /* dllapi.h */,
				768ABEBB104439F200C02826 /* engtypes.h */,
				768ABEBC104439F200C02826 /* icaconst.h */,
				768ABEBE104439F200C02826 /* logapi.h */,
				768ABEC0104439F200C02826 /* miapi.h */,
				288822E016765D750065B3C1 /* pctxfile.h */,
				288822E116765D750065B3C1 /* pctxos.h */,
				768ABEC1104439F200C02826 /* platcomm.h */,
				768ABEC2104439F200C02826 /* utilmacros.h */,
				768ABEC3104439F200C02826 /* vd.h */,
				768ABEC4104439F200C02826 /* vdapi.h */,
				768ABEC5104439F200C02826 /* wdapi.h */,
				768ABEC6104439F200C02826 /* wdwire.h */,
				58EFFA2D15FF83AB00519DA6 /* wengine.h */,
			);
			name = Common;
			sourceTree = "<group>";
		};
		768ABEAE1044386F00C02826 /* Shared */ = {
			isa = PBXGroup;
			children = (
				768ABEDC1044449C00C02826 /* ica-c2h.h */,
				768ABEDD1044449C00C02826 /* ica.h */,
				768ABEDE1044449C00C02826 /* icacaps.h */,
				768ABEDF1044449C00C02826 /* icaid.h */,
				768ABEE01044449C00C02826 /* vrtlclss.h */,
			);
			name = Shared;
			sourceTree = "<group>";
		};
		768ABEAF1044387900C02826 /* Macintosh */ = {
			isa = PBXGroup;
			children = (
				768ABEB01044389700C02826 /* plat.h */,
				768ABECA10443A9000C02826 /* basefeat.h */,
				768ABECB10443A9000C02826 /* basetype.h */,
				768ABECD10443B0000C02826 /* host_os.h */,
				768ABECE10443B0000C02826 /* hostfeat.h */,
				288822D916765D330065B3C1 /* pctxmem.h */,
				768ABECF10443B0000C02826 /* platcall.h */,
				768ABED510443D0B00C02826 /* platfix.h */,
				768ABED010443B0000C02826 /* platclib.h */,
				768ABED110443B0000C02826 /* platsys.h */,
				768ABED210443B0000C02826 /* plattool.h */,
				768ABEDA10443D9400C02826 /* SOCKSfea.h */,
				288822D816765D320065B3C1 /* libmgr.h */,
				58EFF99B15FF785500519DA6 /* TempWDHeaders.h */,
			);
			name = Macintosh;
			sourceTree = "<group>";
		};
		768ABEE31044452E00C02826 /* Documentation */ = {
			isa = PBXGroup;
			children = (
				768ABEE41044453E00C02826 /* Building a Plugin for the MacOS X client engine.rtf */,
			);
			name = Documentation;
			sourceTree = "<group>";
		};
		768ABEFE104445E100C02826 /* Resources */ = {
			isa = PBXGroup;
			children = (
			);
			name = Resources;
			sourceTree = "<group>";
		};
		768ABF1F1044475100C02826 /* Settings */ = {
			isa = PBXGroup;
			children = (
				768ABE51104430D100C02826 /* _ProductSettings.xcconfig */,
			);
			name = Settings;
			sourceTree = "<group>";
		};
/* End PBXGroup section */

/* Begin PBXNativeTarget section */
		8D57630D048677EA00EA77CD /* Virtual Channel PlugIn */ = {
			isa = PBXNativeTarget;
			buildConfigurationList = 1DEB911A08733D790010E9CD /* Build configuration list for PBXNativeTarget "Virtual Channel PlugIn" */;
			buildPhases = (
				8D57630F048677EA00EA77CD /* Resources */,
				8D576311048677EA00EA77CD /* Sources */,
				8D576313048677EA00EA77CD /* Frameworks */,
			);
			buildRules = (
			);
			dependencies = (
			);
			name = "Virtual Channel PlugIn";
			productInstallPath = "$(HOME)/Library/Bundles";
			productName = PluginTest;
			productReference = 8D576316048677EA00EA77CD /* Ping.plugin */;
			productType = "com.apple.product-type.bundle";
		};
/* End PBXNativeTarget section */

/* Begin PBXProject section */
		089C1669FE841209C02AAC07 /* Project object */ = {
			isa = PBXProject;
			attributes = {
				LastUpgradeCheck = 0640;
			};
			buildConfigurationList = 1DEB911E08733D790010E9CD /* Build configuration list for PBXProject "Ping" */;
			compatibilityVersion = "Xcode 3.2";
			developmentRegion = English;
			hasScannedForEncodings = 1;
			knownRegions = (
				en,
			);
			mainGroup = 089C166AFE841209C02AAC07 /* PluginTest */;
			projectDirPath = "";
			projectRoot = "";
			targets = (
				8D57630D048677EA00EA77CD /* Virtual Channel PlugIn */,
			);
		};
/* End PBXProject section */

/* Begin PBXResourcesBuildPhase section */
		8D57630F048677EA00EA77CD /* Resources */ = {
			isa = PBXResourcesBuildPhase;
			buildActionMask = 2147483647;
			files = (
				8D5B49A804867FD3000E48DA /* InfoPlist.strings in Resources */,
				768ABEE51044453E00C02826 /* Building a Plugin for the MacOS X client engine.rtf in Resources */,
			);
			runOnlyForDeploymentPostprocessing = 0;
		};
/* End PBXResourcesBuildPhase section */

/* Begin PBXSourcesBuildPhase section */
		8D576311048677EA00EA77CD /* Sources */ = {
			isa = PBXSourcesBuildPhase;
			buildActionMask = 2147483647;
			files = (
				7682A8EB102C82FE006A8407 /* vdping.c in Sources */,
				7688B4191035C47D00B97C80 /* pingwire.c in Sources */,
			);
			runOnlyForDeploymentPostprocessing = 0;
		};
/* End PBXSourcesBuildPhase section */

/* Begin PBXVariantGroup section */
		8D5B49A704867FD3000E48DA /* InfoPlist.strings */ = {
			isa = PBXVariantGroup;
			children = (
				089C167EFE841241C02AAC07 /* English */,
			);
			name = InfoPlist.strings;
			sourceTree = "<group>";
		};
/* End PBXVariantGroup section */

/* Begin XCBuildConfiguration section */
		1DEB911B08733D790010E9CD /* Debug */ = {
			isa = XCBuildConfiguration;
			baseConfigurationReference = 768ABF96104547CA00C02826 /* DebugSettings.xcconfig */;
			buildSettings = {
			};
			name = Debug;
		};
		1DEB911C08733D790010E9CD /* Release */ = {
			isa = XCBuildConfiguration;
			baseConfigurationReference = 768ABF97104547CA00C02826 /* ReleaseSettings.xcconfig */;
			buildSettings = {
			};
			name = Release;
		};
		1DEB911F08733D790010E9CD /* Debug */ = {
			isa = XCBuildConfiguration;
			buildSettings = {
				GCC_C_LANGUAGE_STANDARD = c99;
				GCC_OPTIMIZATION_LEVEL = 0;
				GCC_WARN_ABOUT_RETURN_TYPE = YES;
				GCC_WARN_UNUSED_VARIABLE = YES;
			};
			name = Debug;
		};
		1DEB912008733D790010E9CD /* Release */ = {
			isa = XCBuildConfiguration;
			buildSettings = {
				GCC_C_LANGUAGE_STANDARD = c99;
				GCC_WARN_ABOUT_RETURN_TYPE = YES;
				GCC_WARN_UNUSED_VARIABLE = YES;
			};
			name = Release;
		};
/* End XCBuildConfiguration section */

/* Begin XCConfigurationList section */
		1DEB911A08733D790010E9CD /* Build configuration list for PBXNativeTarget "Virtual Channel PlugIn" */ = {
			isa = XCConfigurationList;
			buildConfigurations = (
				1DEB911B08733D790010E9CD /* Debug */,
				1DEB911C08733D790010E9CD /* Release */,
			);
			defaultConfigurationIsVisible = 0;
			defaultConfigurationName = Release;
		};
		1DEB911E08733D790010E9CD /* Build configuration list for PBXProject "Ping" */ = {
			isa = XCConfigurationList;
			buildConfigurations = (
				1DEB911F08733D790010E9CD /* Debug */,
				1DEB912008733D790010E9CD /* Release */,
			);
			defaultConfigurationIsVisible = 0;
			defaultConfigurationName = Release;
		};
/* End XCConfigurationList section */
	};
	rootObject = 089C1669FE841209C02AAC07 /* Project object */;
}
